
Microsoft Visual Studio Solution File, Format Version 12.00
# Visual Studio 14
VisualStudioVersion = 14.0.23107.0
MinimumVisualStudioVersion = 10.0.40219.1
Project("{FAE04EC0-301F-11D3-BF4B-00C04F79EFBC}") = "CotGBrowser", "CotGBrowser\CotGBrowser.csproj", "{535E5FAB-0CC2-400B-B37C-A249EDBBA020}"
EndProject
Project("{FAE04EC0-301F-11D3-BF4B-00C04F79EFBC}") = "GotGLib", "GotGLib\GotGLib.csproj", "{DC5FBDBB-3D33-4CED-ACFF-B5F52954429A}"
EndProject
Project("{FAE04EC0-301F-11D3-BF4B-00C04F79EFBC}") = "GotGLib_Tests", "GotGLib_Tests\GotGLib_Tests.csproj", "{8DFF0501-EA49-4C94-A831-ADE798336296}"
EndProject
Project("{00D1A9C2-B5F0-4AF3-8072-F6C62B433612}") = "CotG", "CotG\CotG.sqlproj", "{78D86676-5AE6-43EA-85CE-871E55F098EF}"
EndProject
Project("{FAE04EC0-301F-11D3-BF4B-00C04F79EFBC}") = "GotGLib.Res", "GotGLib.Res\GotGLib.Res.csproj", "{87135A50-29B5-465B-908A-F2E4F0569112}"
EndProject
Project("{930C7802-8A8C-48F9-8165-68863BCCD9DD}") = "CotGBrowserSetup", "CotGBrowserSetup\CotGBrowserSetup.wixproj", "{65FF82D3-3589-4A95-BE23-78D30137333E}"
EndProject
Project("{930C7802-8A8C-48F9-8165-68863BCCD9DD}") = "CotGBrowserFullSetup", "CotGBrowserFullSetup\CotGBrowserFullSetup.wixproj", "{F29E44D4-096F-454B-A908-7BC1BE73BA34}"
EndProject
Global
	GlobalSection(SolutionConfigurationPlatforms) = preSolution
		Debug|Any CPU = Debug|Any CPU
		Debug|x64 = Debug|x64
		Debug|x86 = Debug|x86
		Release|Any CPU = Release|Any CPU
		Release|x64 = Release|x64
		Release|x86 = Release|x86
	EndGlobalSection
	GlobalSection(ProjectConfigurationPlatforms) = postSolution
		{535E5FAB-0CC2-400B-B37C-A249EDBBA020}.Debug|Any CPU.ActiveCfg = Debug|Any CPU
		{535E5FAB-0CC2-400B-B37C-A249EDBBA020}.Debug|Any CPU.Build.0 = Debug|Any CPU
		{535E5FAB-0CC2-400B-B37C-A249EDBBA020}.Debug|x64.ActiveCfg = Debug|x64
		{535E5FAB-0CC2-400B-B37C-A249EDBBA020}.Debug|x64.Build.0 = Debug|x64
		{535E5FAB-0CC2-400B-B37C-A249EDBBA020}.Debug|x86.ActiveCfg = Debug|x86
		{535E5FAB-0CC2-400B-B37C-A249EDBBA020}.Debug|x86.Build.0 = Debug|x86
		{535E5FAB-0CC2-400B-B37C-A249EDBBA020}.Release|Any CPU.ActiveCfg = Release|Any CPU
		{535E5FAB-0CC2-400B-B37C-A249EDBBA020}.Release|Any CPU.Build.0 = Release|Any CPU
		{535E5FAB-0CC2-400B-B37C-A249EDBBA020}.Release|x64.ActiveCfg = Release|x64
		{535E5FAB-0CC2-400B-B37C-A249EDBBA020}.Release|x64.Build.0 = Release|x64
		{535E5FAB-0CC2-400B-B37C-A249EDBBA020}.Release|x86.ActiveCfg = Release|x86
		{535E5FAB-0CC2-400B-B37C-A249EDBBA020}.Release|x86.Build.0 = Release|x86
		{DC5FBDBB-3D33-4CED-ACFF-B5F52954429A}.Debug|Any CPU.ActiveCfg = Debug|Any CPU
		{DC5FBDBB-3D33-4CED-ACFF-B5F52954429A}.Debug|Any CPU.Build.0 = Debug|Any CPU
		{DC5FBDBB-3D33-4CED-ACFF-B5F52954429A}.Debug|x64.ActiveCfg = Debug|x64
		{DC5FBDBB-3D33-4CED-ACFF-B5F52954429A}.Debug|x64.Build.0 = Debug|x64
		{DC5FBDBB-3D33-4CED-ACFF-B5F52954429A}.Debug|x86.ActiveCfg = Debug|x86
		{DC5FBDBB-3D33-4CED-ACFF-B5F52954429A}.Debug|x86.Build.0 = Debug|x86
		{DC5FBDBB-3D33-4CED-ACFF-B5F52954429A}.Release|Any CPU.ActiveCfg = Release|Any CPU
		{DC5FBDBB-3D33-4CED-ACFF-B5F52954429A}.Release|Any CPU.Build.0 = Release|Any CPU
		{DC5FBDBB-3D33-4CED-ACFF-B5F52954429A}.Release|x64.ActiveCfg = Release|x64
		{DC5FBDBB-3D33-4CED-ACFF-B5F52954429A}.Release|x64.Build.0 = Release|x64
		{DC5FBDBB-3D33-4CED-ACFF-B5F52954429A}.Release|x86.ActiveCfg = Release|x86
		{DC5FBDBB-3D33-4CED-ACFF-B5F52954429A}.Release|x86.Build.0 = Release|x86
		{8DFF0501-EA49-4C94-A831-ADE798336296}.Debug|Any CPU.ActiveCfg = Debug|Any CPU
		{8DFF0501-EA49-4C94-A831-ADE798336296}.Debug|Any CPU.Build.0 = Debug|Any CPU
		{8DFF0501-EA49-4C94-A831-ADE798336296}.Debug|x64.ActiveCfg = Debug|x64
		{8DFF0501-EA49-4C94-A831-ADE798336296}.Debug|x64.Build.0 = Debug|x64
		{8DFF0501-EA49-4C94-A831-ADE798336296}.Debug|x86.ActiveCfg = Debug|x86
		{8DFF0501-EA49-4C94-A831-ADE798336296}.Debug|x86.Build.0 = Debug|x86
		{8DFF0501-EA49-4C94-A831-ADE798336296}.Release|Any CPU.ActiveCfg = Release|Any CPU
		{8DFF0501-EA49-4C94-A831-ADE798336296}.Release|Any CPU.Build.0 = Release|Any CPU
		{8DFF0501-EA49-4C94-A831-ADE798336296}.Release|x64.ActiveCfg = Release|x64
		{8DFF0501-EA49-4C94-A831-ADE798336296}.Release|x64.Build.0 = Release|x64
		{8DFF0501-EA49-4C94-A831-ADE798336296}.Release|x86.ActiveCfg = Release|x86
		{8DFF0501-EA49-4C94-A831-ADE798336296}.Release|x86.Build.0 = Release|x86
		{78D86676-5AE6-43EA-85CE-871E55F098EF}.Debug|Any CPU.ActiveCfg = Debug|x86
		{78D86676-5AE6-43EA-85CE-871E55F098EF}.Debug|Any CPU.Build.0 = Debug|x86
		{78D86676-5AE6-43EA-85CE-871E55F098EF}.Debug|Any CPU.Deploy.0 = Debug|x86
		{78D86676-5AE6-43EA-85CE-871E55F098EF}.Debug|x64.ActiveCfg = Debug|x64
		{78D86676-5AE6-43EA-85CE-871E55F098EF}.Debug|x64.Build.0 = Debug|x64
		{78D86676-5AE6-43EA-85CE-871E55F098EF}.Debug|x64.Deploy.0 = Debug|x64
		{78D86676-5AE6-43EA-85CE-871E55F098EF}.Debug|x86.ActiveCfg = Debug|x86
		{78D86676-5AE6-43EA-85CE-871E55F098EF}.Debug|x86.Build.0 = Debug|x86
		{78D86676-5AE6-43EA-85CE-871E55F098EF}.Debug|x86.Deploy.0 = Debug|x86
		{78D86676-5AE6-43EA-85CE-871E55F098EF}.Release|Any CPU.ActiveCfg = Release|Any CPU
		{78D86676-5AE6-43EA-85CE-871E55F098EF}.Release|Any CPU.Build.0 = Release|Any CPU
		{78D86676-5AE6-43EA-85CE-871E55F098EF}.Release|Any CPU.Deploy.0 = Release|Any CPU
		{78D86676-5AE6-43EA-85CE-871E55F098EF}.Release|x64.ActiveCfg = Release|x64
		{78D86676-5AE6-43EA-85CE-871E55F098EF}.Release|x64.Build.0 = Release|x64
		{78D86676-5AE6-43EA-85CE-871E55F098EF}.Release|x64.Deploy.0 = Release|x64
		{78D86676-5AE6-43EA-85CE-871E55F098EF}.Release|x86.ActiveCfg = Release|x86
		{78D86676-5AE6-43EA-85CE-871E55F098EF}.Release|x86.Build.0 = Release|x86
		{78D86676-5AE6-43EA-85CE-871E55F098EF}.Release|x86.Deploy.0 = Release|x86
		{87135A50-29B5-465B-908A-F2E4F0569112}.Debug|Any CPU.ActiveCfg = Debug|Any CPU
		{87135A50-29B5-465B-908A-F2E4F0569112}.Debug|Any CPU.Build.0 = Debug|Any CPU
		{87135A50-29B5-465B-908A-F2E4F0569112}.Debug|x64.ActiveCfg = Debug|x64
		{87135A50-29B5-465B-908A-F2E4F0569112}.Debug|x64.Build.0 = Debug|x64
		{87135A50-29B5-465B-908A-F2E4F0569112}.Debug|x86.ActiveCfg = Debug|x86
		{87135A50-29B5-465B-908A-F2E4F0569112}.Debug|x86.Build.0 = Debug|x86
		{87135A50-29B5-465B-908A-F2E4F0569112}.Release|Any CPU.ActiveCfg = Release|Any CPU
		{87135A50-29B5-465B-908A-F2E4F0569112}.Release|Any CPU.Build.0 = Release|Any CPU
		{87135A50-29B5-465B-908A-F2E4F0569112}.Release|x64.ActiveCfg = Release|x64
		{87135A50-29B5-465B-908A-F2E4F0569112}.Release|x64.Build.0 = Release|x64
		{87135A50-29B5-465B-908A-F2E4F0569112}.Release|x86.ActiveCfg = Release|x86
		{87135A50-29B5-465B-908A-F2E4F0569112}.Release|x86.Build.0 = Release|x86
		{65FF82D3-3589-4A95-BE23-78D30137333E}.Debug|Any CPU.ActiveCfg = Debug|x86
		{65FF82D3-3589-4A95-BE23-78D30137333E}.Debug|x64.ActiveCfg = Debug|x86
		{65FF82D3-3589-4A95-BE23-78D30137333E}.Debug|x86.ActiveCfg = Debug|x86
		{65FF82D3-3589-4A95-BE23-78D30137333E}.Debug|x86.Build.0 = Debug|x86
		{65FF82D3-3589-4A95-BE23-78D30137333E}.Release|Any CPU.ActiveCfg = Release|x86
		{65FF82D3-3589-4A95-BE23-78D30137333E}.Release|x64.ActiveCfg = Release|x86
		{65FF82D3-3589-4A95-BE23-78D30137333E}.Release|x86.ActiveCfg = Release|x86
		{65FF82D3-3589-4A95-BE23-78D30137333E}.Release|x86.Build.0 = Release|x86
		{F29E44D4-096F-454B-A908-7BC1BE73BA34}.Debug|Any CPU.ActiveCfg = Debug|x86
		{F29E44D4-096F-454B-A908-7BC1BE73BA34}.Debug|x64.ActiveCfg = Debug|x86
		{F29E44D4-096F-454B-A908-7BC1BE73BA34}.Debug|x86.ActiveCfg = Debug|x86
		{F29E44D4-096F-454B-A908-7BC1BE73BA34}.Debug|x86.Build.0 = Debug|x86
		{F29E44D4-096F-454B-A908-7BC1BE73BA34}.Release|Any CPU.ActiveCfg = Release|x86
		{F29E44D4-096F-454B-A908-7BC1BE73BA34}.Release|x64.ActiveCfg = Release|x86
		{F29E44D4-096F-454B-A908-7BC1BE73BA34}.Release|x86.ActiveCfg = Release|x86
		{F29E44D4-096F-454B-A908-7BC1BE73BA34}.Release|x86.Build.0 = Release|x86
	EndGlobalSection
	GlobalSection(SolutionProperties) = preSolution
		HideSolutionNode = FALSE
	EndGlobalSection
EndGlobal
